
Microsoft Visual Studio Solution File, Format Version 12.00
# Visual Studio Version 16
VisualStudioVersion = 16.0.31205.134
MinimumVisualStudioVersion = 10.0.40219.1
Project("{FAE04EC0-301F-11D3-BF4B-00C04F79EFBC}") = "TestProject", "TestProject\TestProject.csproj", "{D831D06E-674E-460D-A901-3C9FF97E5A05}"
EndProject
Project("{FAE04EC0-301F-11D3-BF4B-00C04F79EFBC}") = "ClassLibrary1", "ClassLibrary1\ClassLibrary1.csproj", "{E78D4CF4-0B7D-4215-ABBA-8CAA2443E380}"
EndProject
Project("{FAE04EC0-301F-11D3-BF4B-00C04F79EFBC}") = "ClassLibrary2", "ClassLibrary2\ClassLibrary2.csproj", "{5CBF3C7C-5FBD-4882-A141-3FCAE3E52294}"
EndProject
Global
	GlobalSection(SolutionConfigurationPlatforms) = preSolution
		Debug|Any CPU = Debug|Any CPU
		Release|Any CPU = Release|Any CPU
	EndGlobalSection
	GlobalSection(ProjectConfigurationPlatforms) = postSolution
		{D831D06E-674E-460D-A901-3C9FF97E5A05}.Debug|Any CPU.ActiveCfg = Debug|Any CPU
		{D831D06E-674E-460D-A901-3C9FF97E5A05}.Debug|Any CPU.Build.0 = Debug|Any CPU
		{D831D06E-674E-460D-A901-3C9FF97E5A05}.Release|Any CPU.ActiveCfg = Release|Any CPU
		{D831D06E-674E-460D-A901-3C9FF97E5A05}.Release|Any CPU.Build.0 = Release|Any CPU
		{E78D4CF4-0B7D-4215-ABBA-8CAA2443E380}.Debug|Any CPU.ActiveCfg = Debug|Any CPU
		{E78D4CF4-0B7D-4215-ABBA-8CAA2443E380}.Debug|Any CPU.Build.0 = Debug|Any CPU
		{E78D4CF4-0B7D-4215-ABBA-8CAA2443E380}.Release|Any CPU.ActiveCfg = Release|Any CPU
		{E78D4CF4-0B7D-4215-ABBA-8CAA2443E380}.Release|Any CPU.Build.0 = Release|Any CPU
		{5CBF3C7C-5FBD-4882-A141-3FCAE3E52294}.Debug|Any CPU.ActiveCfg = Debug|Any CPU
		{5CBF3C7C-5FBD-4882-A141-3FCAE3E52294}.Debug|Any CPU.Build.0 = Debug|Any CPU
		{5CBF3C7C-5FBD-4882-A141-3FCAE3E52294}.Release|Any CPU.ActiveCfg = Release|Any CPU
		{5CBF3C7C-5FBD-4882-A141-3FCAE3E52294}.Release|Any CPU.Build.0 = Release|Any CPU
	EndGlobalSection
	GlobalSection(SolutionProperties) = preSolution
		HideSolutionNode = FALSE
	EndGlobalSection
	GlobalSection(ExtensibilityGlobals) = postSolution
		SolutionGuid = {9916286B-4BB2-4D4E-8A45-15D075296B48}
	EndGlobalSection
EndGlobal
